
Microsoft Visual Studio Solution File, Format Version 12.00
# Visual Studio Version 17
VisualStudioVersion = 17.4.33205.214
MinimumVisualStudioVersion = 10.0.40219.1
Project("{8BC9CEB8-8B4A-11D0-8D11-00A0C91BC942}") = "Structures4", "Structures4\Structures4.vcxproj", "{ACD45306-C73F-4D47-9309-930BEEEEB83E}"
EndProject
Project("{8BC9CEB8-8B4A-11D0-8D11-00A0C91BC942}") = "Task2", "Task2\Task2.vcxproj", "{0A8360AC-BC1B-469D-8AD5-036E2422955D}"
EndProject
Global
	GlobalSection(SolutionConfigurationPlatforms) = preSolution
		Debug|x64 = Debug|x64
		Debug|x86 = Debug|x86
		Release|x64 = Release|x64
		Release|x86 = Release|x86
	EndGlobalSection
	GlobalSection(ProjectConfigurationPlatforms) = postSolution
		{ACD45306-C73F-4D47-9309-930BEEEEB83E}.Debug|x64.ActiveCfg = Debug|x64
		{ACD45306-C73F-4D47-9309-930BEEEEB83E}.Debug|x64.Build.0 = Debug|x64
		{ACD45306-C73F-4D47-9309-930BEEEEB83E}.Debug|x86.ActiveCfg = Debug|Win32
		{ACD45306-C73F-4D47-9309-930BEEEEB83E}.Debug|x86.Build.0 = Debug|Win32
		{ACD45306-C73F-4D47-9309-930BEEEEB83E}.Release|x64.ActiveCfg = Release|x64
		{ACD45306-C73F-4D47-9309-930BEEEEB83E}.Release|x64.Build.0 = Release|x64
		{ACD45306-C73F-4D47-9309-930BEEEEB83E}.Release|x86.ActiveCfg = Release|Win32
		{ACD45306-C73F-4D47-9309-930BEEEEB83E}.Release|x86.Build.0 = Release|Win32
		{0A8360AC-BC1B-469D-8AD5-036E2422955D}.Debug|x64.ActiveCfg = Debug|x64
		{0A8360AC-BC1B-469D-8AD5-036E2422955D}.Debug|x64.Build.0 = Debug|x64
		{0A8360AC-BC1B-469D-8AD5-036E2422955D}.Debug|x86.ActiveCfg = Debug|Win32
		{0A8360AC-BC1B-469D-8AD5-036E2422955D}.Debug|x86.Build.0 = Debug|Win32
		{0A8360AC-BC1B-469D-8AD5-036E2422955D}.Release|x64.ActiveCfg = Release|x64
		{0A8360AC-BC1B-469D-8AD5-036E2422955D}.Release|x64.Build.0 = Release|x64
		{0A8360AC-BC1B-469D-8AD5-036E2422955D}.Release|x86.ActiveCfg = Release|Win32
		{0A8360AC-BC1B-469D-8AD5-036E2422955D}.Release|x86.Build.0 = Release|Win32
	EndGlobalSection
	GlobalSection(SolutionProperties) = preSolution
		HideSolutionNode = FALSE
	EndGlobalSection
	GlobalSection(ExtensibilityGlobals) = postSolution
		SolutionGuid = {0114AE9E-A5A4-4462-A785-737F8A18A16C}
	EndGlobalSection
EndGlobal
