
Microsoft Visual Studio Solution File, Format Version 12.00
# Visual Studio Version 17
VisualStudioVersion = 17.4.33205.214
MinimumVisualStudioVersion = 10.0.40219.1
Project("{8BC9CEB8-8B4A-11D0-8D11-00A0C91BC942}") = "КПО4", "КПО4\КПО4.vcxproj", "{A9EB99D7-E6D4-42AD-A6E0-43116B0D7AF6}"
EndProject
Project("{8BC9CEB8-8B4A-11D0-8D11-00A0C91BC942}") = "task2", "task2\task2.vcxproj", "{B09FA317-D4B7-4533-A3C0-D59AE3413C46}"
EndProject
Global
	GlobalSection(SolutionConfigurationPlatforms) = preSolution
		Debug|x64 = Debug|x64
		Debug|x86 = Debug|x86
		Release|x64 = Release|x64
		Release|x86 = Release|x86
	EndGlobalSection
	GlobalSection(ProjectConfigurationPlatforms) = postSolution
		{A9EB99D7-E6D4-42AD-A6E0-43116B0D7AF6}.Debug|x64.ActiveCfg = Debug|x64
		{A9EB99D7-E6D4-42AD-A6E0-43116B0D7AF6}.Debug|x64.Build.0 = Debug|x64
		{A9EB99D7-E6D4-42AD-A6E0-43116B0D7AF6}.Debug|x86.ActiveCfg = Debug|Win32
		{A9EB99D7-E6D4-42AD-A6E0-43116B0D7AF6}.Debug|x86.Build.0 = Debug|Win32
		{A9EB99D7-E6D4-42AD-A6E0-43116B0D7AF6}.Release|x64.ActiveCfg = Release|x64
		{A9EB99D7-E6D4-42AD-A6E0-43116B0D7AF6}.Release|x64.Build.0 = Release|x64
		{A9EB99D7-E6D4-42AD-A6E0-43116B0D7AF6}.Release|x86.ActiveCfg = Release|Win32
		{A9EB99D7-E6D4-42AD-A6E0-43116B0D7AF6}.Release|x86.Build.0 = Release|Win32
		{B09FA317-D4B7-4533-A3C0-D59AE3413C46}.Debug|x64.ActiveCfg = Debug|x64
		{B09FA317-D4B7-4533-A3C0-D59AE3413C46}.Debug|x64.Build.0 = Debug|x64
		{B09FA317-D4B7-4533-A3C0-D59AE3413C46}.Debug|x86.ActiveCfg = Debug|Win32
		{B09FA317-D4B7-4533-A3C0-D59AE3413C46}.Debug|x86.Build.0 = Debug|Win32
		{B09FA317-D4B7-4533-A3C0-D59AE3413C46}.Release|x64.ActiveCfg = Release|x64
		{B09FA317-D4B7-4533-A3C0-D59AE3413C46}.Release|x64.Build.0 = Release|x64
		{B09FA317-D4B7-4533-A3C0-D59AE3413C46}.Release|x86.ActiveCfg = Release|Win32
		{B09FA317-D4B7-4533-A3C0-D59AE3413C46}.Release|x86.Build.0 = Release|Win32
	EndGlobalSection
	GlobalSection(SolutionProperties) = preSolution
		HideSolutionNode = FALSE
	EndGlobalSection
	GlobalSection(ExtensibilityGlobals) = postSolution
		SolutionGuid = {C994A6E1-AB96-4A66-8080-AF0385D0D82D}
	EndGlobalSection
EndGlobal
